
Microsoft Visual Studio Solution File, Format Version 12.00
# Visual Studio Version 17
VisualStudioVersion = 17.4.33213.308
MinimumVisualStudioVersion = 10.0.40219.1
Project("{FAE04EC0-301F-11D3-BF4B-00C04F79EFBC}") = "SortDataUsingHeapSortApi", "SortDataUsingHeapSortApi\SortDataUsingHeapSortApi.csproj", "{92F1E9B9-C707-4145-B6A8-A3F55B9E08E6}"
EndProject
Project("{FAE04EC0-301F-11D3-BF4B-00C04F79EFBC}") = "SortDataUsingHeapSort.DataAccess", "SortDataUsingHeapSort.DataAccess\SortDataUsingHeapSort.DataAccess.csproj", "{1902259E-3C24-46DC-9824-2BE6AB17E7BB}"
EndProject
Project("{FAE04EC0-301F-11D3-BF4B-00C04F79EFBC}") = "SortDataUsingHeapSort.Models", "SortDataUsingHeapSort.Models\SortDataUsingHeapSort.Models.csproj", "{4229CB0F-9177-4B2B-87A0-BCE2994304C7}"
EndProject
Global
	GlobalSection(SolutionConfigurationPlatforms) = preSolution
		Debug|Any CPU = Debug|Any CPU
		Release|Any CPU = Release|Any CPU
	EndGlobalSection
	GlobalSection(ProjectConfigurationPlatforms) = postSolution
		{92F1E9B9-C707-4145-B6A8-A3F55B9E08E6}.Debug|Any CPU.ActiveCfg = Debug|Any CPU
		{92F1E9B9-C707-4145-B6A8-A3F55B9E08E6}.Debug|Any CPU.Build.0 = Debug|Any CPU
		{92F1E9B9-C707-4145-B6A8-A3F55B9E08E6}.Release|Any CPU.ActiveCfg = Release|Any CPU
		{92F1E9B9-C707-4145-B6A8-A3F55B9E08E6}.Release|Any CPU.Build.0 = Release|Any CPU
		{1902259E-3C24-46DC-9824-2BE6AB17E7BB}.Debug|Any CPU.ActiveCfg = Debug|Any CPU
		{1902259E-3C24-46DC-9824-2BE6AB17E7BB}.Debug|Any CPU.Build.0 = Debug|Any CPU
		{1902259E-3C24-46DC-9824-2BE6AB17E7BB}.Release|Any CPU.ActiveCfg = Release|Any CPU
		{1902259E-3C24-46DC-9824-2BE6AB17E7BB}.Release|Any CPU.Build.0 = Release|Any CPU
		{4229CB0F-9177-4B2B-87A0-BCE2994304C7}.Debug|Any CPU.ActiveCfg = Debug|Any CPU
		{4229CB0F-9177-4B2B-87A0-BCE2994304C7}.Debug|Any CPU.Build.0 = Debug|Any CPU
		{4229CB0F-9177-4B2B-87A0-BCE2994304C7}.Release|Any CPU.ActiveCfg = Release|Any CPU
		{4229CB0F-9177-4B2B-87A0-BCE2994304C7}.Release|Any CPU.Build.0 = Release|Any CPU
	EndGlobalSection
	GlobalSection(SolutionProperties) = preSolution
		HideSolutionNode = FALSE
	EndGlobalSection
	GlobalSection(ExtensibilityGlobals) = postSolution
		SolutionGuid = {7D6AFF02-03FE-4F81-86AA-705FB532B31B}
	EndGlobalSection
EndGlobal
